
Microsoft Visual Studio Solution File, Format Version 12.00
# Visual Studio Version 17
VisualStudioVersion = 17.8.34525.116
MinimumVisualStudioVersion = 10.0.40219.1
Project("{FAE04EC0-301F-11D3-BF4B-00C04F79EFBC}") = "Lab1_0110D", "Lab1_0110D\Lab1_0110D.csproj", "{D83EDEB0-E1A1-4613-B169-023ADCE25A0D}"
EndProject
Global
	GlobalSection(SolutionConfigurationPlatforms) = preSolution
		Debug|Any CPU = Debug|Any CPU
		Release|Any CPU = Release|Any CPU
	EndGlobalSection
	GlobalSection(ProjectConfigurationPlatforms) = postSolution
		{D83EDEB0-E1A1-4613-B169-023ADCE25A0D}.Debug|Any CPU.ActiveCfg = Debug|Any CPU
		{D83EDEB0-E1A1-4613-B169-023ADCE25A0D}.Debug|Any CPU.Build.0 = Debug|Any CPU
		{D83EDEB0-E1A1-4613-B169-023ADCE25A0D}.Release|Any CPU.ActiveCfg = Release|Any CPU
		{D83EDEB0-E1A1-4613-B169-023ADCE25A0D}.Release|Any CPU.Build.0 = Release|Any CPU
	EndGlobalSection
	GlobalSection(SolutionProperties) = preSolution
		HideSolutionNode = FALSE
	EndGlobalSection
	GlobalSection(ExtensibilityGlobals) = postSolution
		SolutionGuid = {C44B82EF-45B3-471F-8AE7-DAA521C8D328}
	EndGlobalSection
EndGlobal
