
Microsoft Visual Studio Solution File, Format Version 12.00
# Visual Studio Version 17
VisualStudioVersion = 17.8.34525.116
MinimumVisualStudioVersion = 10.0.40219.1
Project("{FAE04EC0-301F-11D3-BF4B-00C04F79EFBC}") = "Lab1_0110_Dplus", "Lab1_0110_Dplus\Lab1_0110_Dplus.csproj", "{C17B823C-1CE0-4021-99E9-7B8DDCC0EE27}"
EndProject
Global
	GlobalSection(SolutionConfigurationPlatforms) = preSolution
		Debug|Any CPU = Debug|Any CPU
		Release|Any CPU = Release|Any CPU
	EndGlobalSection
	GlobalSection(ProjectConfigurationPlatforms) = postSolution
		{C17B823C-1CE0-4021-99E9-7B8DDCC0EE27}.Debug|Any CPU.ActiveCfg = Debug|Any CPU
		{C17B823C-1CE0-4021-99E9-7B8DDCC0EE27}.Debug|Any CPU.Build.0 = Debug|Any CPU
		{C17B823C-1CE0-4021-99E9-7B8DDCC0EE27}.Release|Any CPU.ActiveCfg = Release|Any CPU
		{C17B823C-1CE0-4021-99E9-7B8DDCC0EE27}.Release|Any CPU.Build.0 = Release|Any CPU
	EndGlobalSection
	GlobalSection(SolutionProperties) = preSolution
		HideSolutionNode = FALSE
	EndGlobalSection
	GlobalSection(ExtensibilityGlobals) = postSolution
		SolutionGuid = {E536B614-72B6-4B25-A2A7-36E060ED11BE}
	EndGlobalSection
EndGlobal
