
Microsoft Visual Studio Solution File, Format Version 12.00
# Visual Studio Version 17
VisualStudioVersion = 17.8.34525.116
MinimumVisualStudioVersion = 10.0.40219.1
Project("{FAE04EC0-301F-11D3-BF4B-00C04F79EFBC}") = "Lab2_0110D", "Lab2_0110D\Lab2_0110D.csproj", "{D0FBCD3E-DCE3-4691-A95B-019B755910A5}"
EndProject
Project("{FAE04EC0-301F-11D3-BF4B-00C04F79EFBC}") = "Devices.Infrastructure", "Devices.Infrastructure\Devices.Infrastructure.csproj", "{BD147125-CEDD-4AFC-9063-BA4BF84D6069}"
EndProject
Project("{FAE04EC0-301F-11D3-BF4B-00C04F79EFBC}") = "Devices.Console", "Devices.Console\Devices.Console.csproj", "{38E735F5-7BFB-4059-83A3-6D5F37555055}"
EndProject
Project("{FAE04EC0-301F-11D3-BF4B-00C04F79EFBC}") = "Devices.Rest", "Devices.Rest\Devices.Rest.csproj", "{A8469FBF-FAC3-4C9D-9468-E916A6992393}"
EndProject
Project("{FAE04EC0-301F-11D3-BF4B-00C04F79EFBC}") = "Devices.Web", "Devices.Web\Devices.Web.csproj", "{E5617668-75B0-426E-ABC0-90AB6537F525}"
EndProject
Global
	GlobalSection(SolutionConfigurationPlatforms) = preSolution
		Debug|Any CPU = Debug|Any CPU
		Release|Any CPU = Release|Any CPU
	EndGlobalSection
	GlobalSection(ProjectConfigurationPlatforms) = postSolution
		{D0FBCD3E-DCE3-4691-A95B-019B755910A5}.Debug|Any CPU.ActiveCfg = Debug|Any CPU
		{D0FBCD3E-DCE3-4691-A95B-019B755910A5}.Debug|Any CPU.Build.0 = Debug|Any CPU
		{D0FBCD3E-DCE3-4691-A95B-019B755910A5}.Release|Any CPU.ActiveCfg = Release|Any CPU
		{D0FBCD3E-DCE3-4691-A95B-019B755910A5}.Release|Any CPU.Build.0 = Release|Any CPU
		{BD147125-CEDD-4AFC-9063-BA4BF84D6069}.Debug|Any CPU.ActiveCfg = Debug|Any CPU
		{BD147125-CEDD-4AFC-9063-BA4BF84D6069}.Debug|Any CPU.Build.0 = Debug|Any CPU
		{BD147125-CEDD-4AFC-9063-BA4BF84D6069}.Release|Any CPU.ActiveCfg = Release|Any CPU
		{BD147125-CEDD-4AFC-9063-BA4BF84D6069}.Release|Any CPU.Build.0 = Release|Any CPU
		{38E735F5-7BFB-4059-83A3-6D5F37555055}.Debug|Any CPU.ActiveCfg = Debug|Any CPU
		{38E735F5-7BFB-4059-83A3-6D5F37555055}.Debug|Any CPU.Build.0 = Debug|Any CPU
		{38E735F5-7BFB-4059-83A3-6D5F37555055}.Release|Any CPU.ActiveCfg = Release|Any CPU
		{38E735F5-7BFB-4059-83A3-6D5F37555055}.Release|Any CPU.Build.0 = Release|Any CPU
		{A8469FBF-FAC3-4C9D-9468-E916A6992393}.Debug|Any CPU.ActiveCfg = Debug|Any CPU
		{A8469FBF-FAC3-4C9D-9468-E916A6992393}.Debug|Any CPU.Build.0 = Debug|Any CPU
		{A8469FBF-FAC3-4C9D-9468-E916A6992393}.Release|Any CPU.ActiveCfg = Release|Any CPU
		{A8469FBF-FAC3-4C9D-9468-E916A6992393}.Release|Any CPU.Build.0 = Release|Any CPU
		{E5617668-75B0-426E-ABC0-90AB6537F525}.Debug|Any CPU.ActiveCfg = Debug|Any CPU
		{E5617668-75B0-426E-ABC0-90AB6537F525}.Debug|Any CPU.Build.0 = Debug|Any CPU
		{E5617668-75B0-426E-ABC0-90AB6537F525}.Release|Any CPU.ActiveCfg = Release|Any CPU
		{E5617668-75B0-426E-ABC0-90AB6537F525}.Release|Any CPU.Build.0 = Release|Any CPU
	EndGlobalSection
	GlobalSection(SolutionProperties) = preSolution
		HideSolutionNode = FALSE
	EndGlobalSection
	GlobalSection(ExtensibilityGlobals) = postSolution
		SolutionGuid = {CA814D65-6EE6-4208-8C17-BAA506BBFDCA}
	EndGlobalSection
EndGlobal
